
Microsoft Visual Studio Solution File, Format Version 12.00
# Visual Studio 15
VisualStudioVersion = 15.0.26124.0
MinimumVisualStudioVersion = 15.0.26124.0
Project("{FAE04EC0-301F-11D3-BF4B-00C04F79EFBC}") = "tree-preservation-order-service", "src\tree_preservation_order_service.csproj", "{F17C3DF9-864F-4D72-82F3-08AB1C0DC7E9}"
EndProject
Project("{FAE04EC0-301F-11D3-BF4B-00C04F79EFBC}") = "tree-preservation-order-service-tests", "tests\tree_preservation_order_service_tests.csproj", "{6A9B8ED2-A37A-45DC-89B2-E7C44F5C6587}"
EndProject
Global
	GlobalSection(SolutionConfigurationPlatforms) = preSolution
		Debug|Any CPU = Debug|Any CPU
		Debug|x64 = Debug|x64
		Debug|x86 = Debug|x86
		Release|Any CPU = Release|Any CPU
		Release|x64 = Release|x64
		Release|x86 = Release|x86
	EndGlobalSection
	GlobalSection(SolutionProperties) = preSolution
		HideSolutionNode = FALSE
	EndGlobalSection
	GlobalSection(ProjectConfigurationPlatforms) = postSolution
		{F17C3DF9-864F-4D72-82F3-08AB1C0DC7E9}.Debug|Any CPU.ActiveCfg = Debug|Any CPU
		{F17C3DF9-864F-4D72-82F3-08AB1C0DC7E9}.Debug|Any CPU.Build.0 = Debug|Any CPU
		{F17C3DF9-864F-4D72-82F3-08AB1C0DC7E9}.Debug|x64.ActiveCfg = Debug|Any CPU
		{F17C3DF9-864F-4D72-82F3-08AB1C0DC7E9}.Debug|x64.Build.0 = Debug|Any CPU
		{F17C3DF9-864F-4D72-82F3-08AB1C0DC7E9}.Debug|x86.ActiveCfg = Debug|Any CPU
		{F17C3DF9-864F-4D72-82F3-08AB1C0DC7E9}.Debug|x86.Build.0 = Debug|Any CPU
		{F17C3DF9-864F-4D72-82F3-08AB1C0DC7E9}.Release|Any CPU.ActiveCfg = Release|Any CPU
		{F17C3DF9-864F-4D72-82F3-08AB1C0DC7E9}.Release|Any CPU.Build.0 = Release|Any CPU
		{F17C3DF9-864F-4D72-82F3-08AB1C0DC7E9}.Release|x64.ActiveCfg = Release|Any CPU
		{F17C3DF9-864F-4D72-82F3-08AB1C0DC7E9}.Release|x64.Build.0 = Release|Any CPU
		{F17C3DF9-864F-4D72-82F3-08AB1C0DC7E9}.Release|x86.ActiveCfg = Release|Any CPU
		{F17C3DF9-864F-4D72-82F3-08AB1C0DC7E9}.Release|x86.Build.0 = Release|Any CPU
		{6A9B8ED2-A37A-45DC-89B2-E7C44F5C6587}.Debug|Any CPU.ActiveCfg = Debug|Any CPU
		{6A9B8ED2-A37A-45DC-89B2-E7C44F5C6587}.Debug|Any CPU.Build.0 = Debug|Any CPU
		{6A9B8ED2-A37A-45DC-89B2-E7C44F5C6587}.Debug|x64.ActiveCfg = Debug|Any CPU
		{6A9B8ED2-A37A-45DC-89B2-E7C44F5C6587}.Debug|x64.Build.0 = Debug|Any CPU
		{6A9B8ED2-A37A-45DC-89B2-E7C44F5C6587}.Debug|x86.ActiveCfg = Debug|Any CPU
		{6A9B8ED2-A37A-45DC-89B2-E7C44F5C6587}.Debug|x86.Build.0 = Debug|Any CPU
		{6A9B8ED2-A37A-45DC-89B2-E7C44F5C6587}.Release|Any CPU.ActiveCfg = Release|Any CPU
		{6A9B8ED2-A37A-45DC-89B2-E7C44F5C6587}.Release|Any CPU.Build.0 = Release|Any CPU
		{6A9B8ED2-A37A-45DC-89B2-E7C44F5C6587}.Release|x64.ActiveCfg = Release|Any CPU
		{6A9B8ED2-A37A-45DC-89B2-E7C44F5C6587}.Release|x64.Build.0 = Release|Any CPU
		{6A9B8ED2-A37A-45DC-89B2-E7C44F5C6587}.Release|x86.ActiveCfg = Release|Any CPU
		{6A9B8ED2-A37A-45DC-89B2-E7C44F5C6587}.Release|x86.Build.0 = Release|Any CPU
	EndGlobalSection
EndGlobal
